// !$*UTF8*$!
{
	archiveVersion = 1;
	classes = {
	};
	objectVersion = 46;
	objects = {

/* Begin PBXBuildFile section */
		706B41486641416B840B9CBC /* libPods.a in Frameworks */ = {isa = PBXBuildFile; fileRef = 9729630189D948C1A679E826 /* libPods.a */; };
		DA6C1AF416B69A3C00C0723F /* UIKit.framework in Frameworks */ = {isa = PBXBuildFile; fileRef = DA6C1AF316B69A3C00C0723F /* UIKit.framework */; };
		DA6C1AF616B69A3C00C0723F /* Foundation.framework in Frameworks */ = {isa = PBXBuildFile; fileRef = DA6C1AF516B69A3C00C0723F /* Foundation.framework */; };
		DA6C1AF816B69A3C00C0723F /* CoreGraphics.framework in Frameworks */ = {isa = PBXBuildFile; fileRef = DA6C1AF716B69A3C00C0723F /* CoreGraphics.framework */; };
		DA6C1AFE16B69A3C00C0723F /* InfoPlist.strings in Resources */ = {isa = PBXBuildFile; fileRef = DA6C1AFC16B69A3C00C0723F /* InfoPlist.strings */; };
		DA6C1B0016B69A3C00C0723F /* main.m in Sources */ = {isa = PBXBuildFile; fileRef = DA6C1AFF16B69A3C00C0723F /* main.m */; };
		DA6C1B0416B69A3C00C0723F /* AppDelegate.m in Sources */ = {isa = PBXBuildFile; fileRef = DA6C1B0316B69A3C00C0723F /* AppDelegate.m */; };
		DA6C1B0616B69A3C00C0723F /* Default.png in Resources */ = {isa = PBXBuildFile; fileRef = DA6C1B0516B69A3C00C0723F /* Default.png */; };
		DA6C1B0816B69A3C00C0723F /* Default@2x.png in Resources */ = {isa = PBXBuildFile; fileRef = DA6C1B0716B69A3C00C0723F /* Default@2x.png */; };
		DA6C1B0A16B69A3C00C0723F /* Default-568h@2x.png in Resources */ = {isa = PBXBuildFile; fileRef = DA6C1B0916B69A3C00C0723F /* Default-568h@2x.png */; };
		DA6C1B1D16B69CCE00C0723F /* Post.m in Sources */ = {isa = PBXBuildFile; fileRef = DA6C1B1C16B69CCE00C0723F /* Post.m */; };
		DA6C1B2016B69CE000C0723F /* PostCell.m in Sources */ = {isa = PBXBuildFile; fileRef = DA6C1B1F16B69CE000C0723F /* PostCell.m */; };
		DA6C1B2316B69CF900C0723F /* ListTVC.m in Sources */ = {isa = PBXBuildFile; fileRef = DA6C1B2216B69CF900C0723F /* ListTVC.m */; };
		DA6C1B2516B69E2100C0723F /* SystemConfiguration.framework in Frameworks */ = {isa = PBXBuildFile; fileRef = DA6C1B2416B69E2100C0723F /* SystemConfiguration.framework */; };
		DA6C1B2716B69E2B00C0723F /* MobileCoreServices.framework in Frameworks */ = {isa = PBXBuildFile; fileRef = DA6C1B2616B69E2B00C0723F /* MobileCoreServices.framework */; };
		DA6C1B3016B6AEBB00C0723F /* ProximaNova-Bold.otf in Resources */ = {isa = PBXBuildFile; fileRef = DA6C1B2D16B6AEBB00C0723F /* ProximaNova-Bold.otf */; };
		DA6C1B3116B6AEBB00C0723F /* ProximaNova-Regular.otf in Resources */ = {isa = PBXBuildFile; fileRef = DA6C1B2E16B6AEBB00C0723F /* ProximaNova-Regular.otf */; };
		DA6C1B3216B6AEBB00C0723F /* ProximaNova-Semibold.otf in Resources */ = {isa = PBXBuildFile; fileRef = DA6C1B2F16B6AEBB00C0723F /* ProximaNova-Semibold.otf */; };
		DA6C1B3416B6AF2100C0723F /* ProximaNova-RegItalic.otf in Resources */ = {isa = PBXBuildFile; fileRef = DA6C1B3316B6AF2100C0723F /* ProximaNova-RegItalic.otf */; };
		DA6C1B6316B6C32400C0723F /* instapaper-ipad.png in Resources */ = {isa = PBXBuildFile; fileRef = DA6C1B3B16B6C32400C0723F /* instapaper-ipad.png */; };
		DA6C1B6416B6C32400C0723F /* instapaper-ipad@2x.png in Resources */ = {isa = PBXBuildFile; fileRef = DA6C1B3C16B6C32400C0723F /* instapaper-ipad@2x.png */; };
		DA6C1B6516B6C32400C0723F /* instapaper.png in Resources */ = {isa = PBXBuildFile; fileRef = DA6C1B3D16B6C32400C0723F /* instapaper.png */; };
		DA6C1B6616B6C32400C0723F /* instapaper@2x.png in Resources */ = {isa = PBXBuildFile; fileRef = DA6C1B3E16B6C32400C0723F /* instapaper@2x.png */; };
		DA6C1B6716B6C32400C0723F /* ZYInstapaperAddRequest.m in Sources */ = {isa = PBXBuildFile; fileRef = DA6C1B4116B6C32400C0723F /* ZYInstapaperAddRequest.m */; };
		DA6C1B6816B6C32400C0723F /* ZYInstapaperActivitySecurity.m in Sources */ = {isa = PBXBuildFile; fileRef = DA6C1B4516B6C32400C0723F /* ZYInstapaperActivitySecurity.m */; };
		DA6C1B6916B6C32400C0723F /* KeychainItemWrapper.m in Sources */ = {isa = PBXBuildFile; fileRef = DA6C1B4A16B6C32400C0723F /* KeychainItemWrapper.m */; };
		DA6C1B6A16B6C32400C0723F /* ZYActivity.m in Sources */ = {isa = PBXBuildFile; fileRef = DA6C1B4E16B6C32400C0723F /* ZYActivity.m */; };
		DA6C1B6B16B6C32400C0723F /* ZYTopAlignedLabel.m in Sources */ = {isa = PBXBuildFile; fileRef = DA6C1B5116B6C32400C0723F /* ZYTopAlignedLabel.m */; };
		DA6C1B6C16B6C32400C0723F /* ZYActivityViewController.m in Sources */ = {isa = PBXBuildFile; fileRef = DA6C1B5416B6C32400C0723F /* ZYActivityViewController.m */; };
		DA6C1B6D16B6C32400C0723F /* ZYAddItemsViewController.m in Sources */ = {isa = PBXBuildFile; fileRef = DA6C1B5616B6C32400C0723F /* ZYAddItemsViewController.m */; };
		DA6C1B6E16B6C32400C0723F /* ZYAddItemsViewController.xib in Resources */ = {isa = PBXBuildFile; fileRef = DA6C1B5716B6C32400C0723F /* ZYAddItemsViewController.xib */; };
		DA6C1B6F16B6C32400C0723F /* ZYAddItemViewController-iPad.xib in Resources */ = {isa = PBXBuildFile; fileRef = DA6C1B5816B6C32400C0723F /* ZYAddItemViewController-iPad.xib */; };
		DA6C1B7016B6C32400C0723F /* ZYAddItemViewController.m in Sources */ = {isa = PBXBuildFile; fileRef = DA6C1B5A16B6C32400C0723F /* ZYAddItemViewController.m */; };
		DA6C1B7116B6C32400C0723F /* ZYAddItemViewController.xib in Resources */ = {isa = PBXBuildFile; fileRef = DA6C1B5B16B6C32400C0723F /* ZYAddItemViewController.xib */; };
		DA6C1B7216B6C32400C0723F /* ZYCredentialsViewController.m in Sources */ = {isa = PBXBuildFile; fileRef = DA6C1B5D16B6C32400C0723F /* ZYCredentialsViewController.m */; };
		DA6C1B7316B6C32400C0723F /* ZYCredentialsViewController.xib in Resources */ = {isa = PBXBuildFile; fileRef = DA6C1B5E16B6C32400C0723F /* ZYCredentialsViewController.xib */; };
		DA6C1B7416B6C32400C0723F /* ZYInstapaperActivity.m in Sources */ = {isa = PBXBuildFile; fileRef = DA6C1B6016B6C32400C0723F /* ZYInstapaperActivity.m */; };
		DA6C1B7516B6C32400C0723F /* ZYInstapaperActivityItem.m in Sources */ = {isa = PBXBuildFile; fileRef = DA6C1B6216B6C32400C0723F /* ZYInstapaperActivityItem.m */; };
		DA6C1B7716B6C58000C0723F /* Security.framework in Frameworks */ = {isa = PBXBuildFile; fileRef = DA6C1B7616B6C58000C0723F /* Security.framework */; };
		DA6C1B7F16B6CCBA00C0723F /* ARChromeActivity.m in Sources */ = {isa = PBXBuildFile; fileRef = DA6C1B7A16B6CCBA00C0723F /* ARChromeActivity.m */; };
		DA6C1B8016B6CCBA00C0723F /* ARChromeActivity.png in Resources */ = {isa = PBXBuildFile; fileRef = DA6C1B7B16B6CCBA00C0723F /* ARChromeActivity.png */; };
		DA6C1B8116B6CCBA00C0723F /* ARChromeActivity@2x.png in Resources */ = {isa = PBXBuildFile; fileRef = DA6C1B7C16B6CCBA00C0723F /* ARChromeActivity@2x.png */; };
		DA6C1B8216B6CCBA00C0723F /* ARChromeActivity@2x~ipad.png in Resources */ = {isa = PBXBuildFile; fileRef = DA6C1B7D16B6CCBA00C0723F /* ARChromeActivity@2x~ipad.png */; };
		DA6C1B8316B6CCBA00C0723F /* ARChromeActivity~ipad.png in Resources */ = {isa = PBXBuildFile; fileRef = DA6C1B7E16B6CCBA00C0723F /* ARChromeActivity~ipad.png */; };
		DA6C1B8616B6D8DF00C0723F /* BrowserVC.m in Sources */ = {isa = PBXBuildFile; fileRef = DA6C1B8516B6D8DF00C0723F /* BrowserVC.m */; };
/* End PBXBuildFile section */

/* Begin PBXFileReference section */
		07A380998B2549B59AA10AA6 /* Pods.xcconfig */ = {isa = PBXFileReference; includeInIndex = 1; lastKnownFileType = text.xcconfig; name = Pods.xcconfig; path = Pods/Pods.xcconfig; sourceTree = SOURCE_ROOT; };
		9729630189D948C1A679E826 /* libPods.a */ = {isa = PBXFileReference; explicitFileType = archive.ar; includeInIndex = 0; path = libPods.a; sourceTree = BUILT_PRODUCTS_DIR; };
		DA6C1AEF16B69A3C00C0723F /* TheList.app */ = {isa = PBXFileReference; explicitFileType = wrapper.application; includeInIndex = 0; path = TheList.app; sourceTree = BUILT_PRODUCTS_DIR; };
		DA6C1AF316B69A3C00C0723F /* UIKit.framework */ = {isa = PBXFileReference; lastKnownFileType = wrapper.framework; name = UIKit.framework; path = System/Library/Frameworks/UIKit.framework; sourceTree = SDKROOT; };
		DA6C1AF516B69A3C00C0723F /* Foundation.framework */ = {isa = PBXFileReference; lastKnownFileType = wrapper.framework; name = Foundation.framework; path = System/Library/Frameworks/Foundation.framework; sourceTree = SDKROOT; };
		DA6C1AF716B69A3C00C0723F /* CoreGraphics.framework */ = {isa = PBXFileReference; lastKnownFileType = wrapper.framework; name = CoreGraphics.framework; path = System/Library/Frameworks/CoreGraphics.framework; sourceTree = SDKROOT; };
		DA6C1AFB16B69A3C00C0723F /* TheList-Info.plist */ = {isa = PBXFileReference; lastKnownFileType = text.plist.xml; path = "TheList-Info.plist"; sourceTree = "<group>"; };
		DA6C1AFD16B69A3C00C0723F /* en */ = {isa = PBXFileReference; lastKnownFileType = text.plist.strings; name = en; path = en.lproj/InfoPlist.strings; sourceTree = "<group>"; };
		DA6C1AFF16B69A3C00C0723F /* main.m */ = {isa = PBXFileReference; lastKnownFileType = sourcecode.c.objc; path = main.m; sourceTree = "<group>"; };
		DA6C1B0116B69A3C00C0723F /* TheList-Prefix.pch */ = {isa = PBXFileReference; lastKnownFileType = sourcecode.c.h; path = "TheList-Prefix.pch"; sourceTree = "<group>"; };
		DA6C1B0216B69A3C00C0723F /* AppDelegate.h */ = {isa = PBXFileReference; lastKnownFileType = sourcecode.c.h; path = AppDelegate.h; sourceTree = "<group>"; };
		DA6C1B0316B69A3C00C0723F /* AppDelegate.m */ = {isa = PBXFileReference; lastKnownFileType = sourcecode.c.objc; path = AppDelegate.m; sourceTree = "<group>"; };
		DA6C1B0516B69A3C00C0723F /* Default.png */ = {isa = PBXFileReference; lastKnownFileType = image.png; path = Default.png; sourceTree = "<group>"; };
		DA6C1B0716B69A3C00C0723F /* Default@2x.png */ = {isa = PBXFileReference; lastKnownFileType = image.png; path = "Default@2x.png"; sourceTree = "<group>"; };
		DA6C1B0916B69A3C00C0723F /* Default-568h@2x.png */ = {isa = PBXFileReference; lastKnownFileType = image.png; path = "Default-568h@2x.png"; sourceTree = "<group>"; };
		DA6C1B1B16B69CCE00C0723F /* Post.h */ = {isa = PBXFileReference; fileEncoding = 4; lastKnownFileType = sourcecode.c.h; path = Post.h; sourceTree = "<group>"; };
		DA6C1B1C16B69CCE00C0723F /* Post.m */ = {isa = PBXFileReference; fileEncoding = 4; lastKnownFileType = sourcecode.c.objc; path = Post.m; sourceTree = "<group>"; };
		DA6C1B1E16B69CE000C0723F /* PostCell.h */ = {isa = PBXFileReference; fileEncoding = 4; lastKnownFileType = sourcecode.c.h; path = PostCell.h; sourceTree = "<group>"; };
		DA6C1B1F16B69CE000C0723F /* PostCell.m */ = {isa = PBXFileReference; fileEncoding = 4; lastKnownFileType = sourcecode.c.objc; path = PostCell.m; sourceTree = "<group>"; };
		DA6C1B2116B69CF900C0723F /* ListTVC.h */ = {isa = PBXFileReference; fileEncoding = 4; lastKnownFileType = sourcecode.c.h; path = ListTVC.h; sourceTree = "<group>"; };
		DA6C1B2216B69CF900C0723F /* ListTVC.m */ = {isa = PBXFileReference; fileEncoding = 4; lastKnownFileType = sourcecode.c.objc; path = ListTVC.m; sourceTree = "<group>"; };
		DA6C1B2416B69E2100C0723F /* SystemConfiguration.framework */ = {isa = PBXFileReference; lastKnownFileType = wrapper.framework; name = SystemConfiguration.framework; path = System/Library/Frameworks/SystemConfiguration.framework; sourceTree = SDKROOT; };
		DA6C1B2616B69E2B00C0723F /* MobileCoreServices.framework */ = {isa = PBXFileReference; lastKnownFileType = wrapper.framework; name = MobileCoreServices.framework; path = System/Library/Frameworks/MobileCoreServices.framework; sourceTree = SDKROOT; };
		DA6C1B2D16B6AEBB00C0723F /* ProximaNova-Bold.otf */ = {isa = PBXFileReference; lastKnownFileType = file; path = "ProximaNova-Bold.otf"; sourceTree = "<group>"; };
		DA6C1B2E16B6AEBB00C0723F /* ProximaNova-Regular.otf */ = {isa = PBXFileReference; lastKnownFileType = file; path = "ProximaNova-Regular.otf"; sourceTree = "<group>"; };
		DA6C1B2F16B6AEBB00C0723F /* ProximaNova-Semibold.otf */ = {isa = PBXFileReference; lastKnownFileType = file; path = "ProximaNova-Semibold.otf"; sourceTree = "<group>"; };
		DA6C1B3316B6AF2100C0723F /* ProximaNova-RegItalic.otf */ = {isa = PBXFileReference; lastKnownFileType = file; path = "ProximaNova-RegItalic.otf"; sourceTree = "<group>"; };
		DA6C1B3B16B6C32400C0723F /* instapaper-ipad.png */ = {isa = PBXFileReference; lastKnownFileType = image.png; path = "instapaper-ipad.png"; sourceTree = "<group>"; };
		DA6C1B3C16B6C32400C0723F /* instapaper-ipad@2x.png */ = {isa = PBXFileReference; lastKnownFileType = image.png; path = "instapaper-ipad@2x.png"; sourceTree = "<group>"; };
		DA6C1B3D16B6C32400C0723F /* instapaper.png */ = {isa = PBXFileReference; lastKnownFileType = image.png; path = instapaper.png; sourceTree = "<group>"; };
		DA6C1B3E16B6C32400C0723F /* instapaper@2x.png */ = {isa = PBXFileReference; lastKnownFileType = image.png; path = "instapaper@2x.png"; sourceTree = "<group>"; };
		DA6C1B4016B6C32400C0723F /* ZYInstapaperAddRequest.h */ = {isa = PBXFileReference; fileEncoding = 4; lastKnownFileType = sourcecode.c.h; path = ZYInstapaperAddRequest.h; sourceTree = "<group>"; };
		DA6C1B4116B6C32400C0723F /* ZYInstapaperAddRequest.m */ = {isa = PBXFileReference; fileEncoding = 4; lastKnownFileType = sourcecode.c.objc; path = ZYInstapaperAddRequest.m; sourceTree = "<group>"; };
		DA6C1B4216B6C32400C0723F /* ZYInstapaperAddRequestDelegate.h */ = {isa = PBXFileReference; fileEncoding = 4; lastKnownFileType = sourcecode.c.h; path = ZYInstapaperAddRequestDelegate.h; sourceTree = "<group>"; };
		DA6C1B4416B6C32400C0723F /* ZYInstapaperActivitySecurity.h */ = {isa = PBXFileReference; fileEncoding = 4; lastKnownFileType = sourcecode.c.h; path = ZYInstapaperActivitySecurity.h; sourceTree = "<group>"; };
		DA6C1B4516B6C32400C0723F /* ZYInstapaperActivitySecurity.m */ = {isa = PBXFileReference; fileEncoding = 4; lastKnownFileType = sourcecode.c.objc; path = ZYInstapaperActivitySecurity.m; sourceTree = "<group>"; };
		DA6C1B4916B6C32400C0723F /* KeychainItemWrapper.h */ = {isa = PBXFileReference; fileEncoding = 4; lastKnownFileType = sourcecode.c.h; path = KeychainItemWrapper.h; sourceTree = "<group>"; };
		DA6C1B4A16B6C32400C0723F /* KeychainItemWrapper.m */ = {isa = PBXFileReference; fileEncoding = 4; lastKnownFileType = sourcecode.c.objc; path = KeychainItemWrapper.m; sourceTree = "<group>"; };
		DA6C1B4D16B6C32400C0723F /* ZYActivity.h */ = {isa = PBXFileReference; fileEncoding = 4; lastKnownFileType = sourcecode.c.h; path = ZYActivity.h; sourceTree = "<group>"; };
		DA6C1B4E16B6C32400C0723F /* ZYActivity.m */ = {isa = PBXFileReference; fileEncoding = 4; lastKnownFileType = sourcecode.c.objc; path = ZYActivity.m; sourceTree = "<group>"; };
		DA6C1B5016B6C32400C0723F /* ZYTopAlignedLabel.h */ = {isa = PBXFileReference; fileEncoding = 4; lastKnownFileType = sourcecode.c.h; path = ZYTopAlignedLabel.h; sourceTree = "<group>"; };
		DA6C1B5116B6C32400C0723F /* ZYTopAlignedLabel.m */ = {isa = PBXFileReference; fileEncoding = 4; lastKnownFileType = sourcecode.c.objc; path = ZYTopAlignedLabel.m; sourceTree = "<group>"; };
		DA6C1B5316B6C32400C0723F /* ZYActivityViewController.h */ = {isa = PBXFileReference; fileEncoding = 4; lastKnownFileType = sourcecode.c.h; path = ZYActivityViewController.h; sourceTree = "<group>"; };
		DA6C1B5416B6C32400C0723F /* ZYActivityViewController.m */ = {isa = PBXFileReference; fileEncoding = 4; lastKnownFileType = sourcecode.c.objc; path = ZYActivityViewController.m; sourceTree = "<group>"; };
		DA6C1B5516B6C32400C0723F /* ZYAddItemsViewController.h */ = {isa = PBXFileReference; fileEncoding = 4; lastKnownFileType = sourcecode.c.h; path = ZYAddItemsViewController.h; sourceTree = "<group>"; };
		DA6C1B5616B6C32400C0723F /* ZYAddItemsViewController.m */ = {isa = PBXFileReference; fileEncoding = 4; lastKnownFileType = sourcecode.c.objc; path = ZYAddItemsViewController.m; sourceTree = "<group>"; };
		DA6C1B5716B6C32400C0723F /* ZYAddItemsViewController.xib */ = {isa = PBXFileReference; fileEncoding = 4; lastKnownFileType = file.xib; path = ZYAddItemsViewController.xib; sourceTree = "<group>"; };
		DA6C1B5816B6C32400C0723F /* ZYAddItemViewController-iPad.xib */ = {isa = PBXFileReference; fileEncoding = 4; lastKnownFileType = file.xib; path = "ZYAddItemViewController-iPad.xib"; sourceTree = "<group>"; };
		DA6C1B5916B6C32400C0723F /* ZYAddItemViewController.h */ = {isa = PBXFileReference; fileEncoding = 4; lastKnownFileType = sourcecode.c.h; path = ZYAddItemViewController.h; sourceTree = "<group>"; };
		DA6C1B5A16B6C32400C0723F /* ZYAddItemViewController.m */ = {isa = PBXFileReference; fileEncoding = 4; lastKnownFileType = sourcecode.c.objc; path = ZYAddItemViewController.m; sourceTree = "<group>"; };
		DA6C1B5B16B6C32400C0723F /* ZYAddItemViewController.xib */ = {isa = PBXFileReference; fileEncoding = 4; lastKnownFileType = file.xib; path = ZYAddItemViewController.xib; sourceTree = "<group>"; };
		DA6C1B5C16B6C32400C0723F /* ZYCredentialsViewController.h */ = {isa = PBXFileReference; fileEncoding = 4; lastKnownFileType = sourcecode.c.h; path = ZYCredentialsViewController.h; sourceTree = "<group>"; };
		DA6C1B5D16B6C32400C0723F /* ZYCredentialsViewController.m */ = {isa = PBXFileReference; fileEncoding = 4; lastKnownFileType = sourcecode.c.objc; path = ZYCredentialsViewController.m; sourceTree = "<group>"; };
		DA6C1B5E16B6C32400C0723F /* ZYCredentialsViewController.xib */ = {isa = PBXFileReference; fileEncoding = 4; lastKnownFileType = file.xib; path = ZYCredentialsViewController.xib; sourceTree = "<group>"; };
		DA6C1B5F16B6C32400C0723F /* ZYInstapaperActivity.h */ = {isa = PBXFileReference; fileEncoding = 4; lastKnownFileType = sourcecode.c.h; path = ZYInstapaperActivity.h; sourceTree = "<group>"; };
		DA6C1B6016B6C32400C0723F /* ZYInstapaperActivity.m */ = {isa = PBXFileReference; fileEncoding = 4; lastKnownFileType = sourcecode.c.objc; path = ZYInstapaperActivity.m; sourceTree = "<group>"; };
		DA6C1B6116B6C32400C0723F /* ZYInstapaperActivityItem.h */ = {isa = PBXFileReference; fileEncoding = 4; lastKnownFileType = sourcecode.c.h; path = ZYInstapaperActivityItem.h; sourceTree = "<group>"; };
		DA6C1B6216B6C32400C0723F /* ZYInstapaperActivityItem.m */ = {isa = PBXFileReference; fileEncoding = 4; lastKnownFileType = sourcecode.c.objc; path = ZYInstapaperActivityItem.m; sourceTree = "<group>"; };
		DA6C1B7616B6C58000C0723F /* Security.framework */ = {isa = PBXFileReference; lastKnownFileType = wrapper.framework; name = Security.framework; path = System/Library/Frameworks/Security.framework; sourceTree = SDKROOT; };
		DA6C1B7916B6CCBA00C0723F /* ARChromeActivity.h */ = {isa = PBXFileReference; fileEncoding = 4; lastKnownFileType = sourcecode.c.h; path = ARChromeActivity.h; sourceTree = "<group>"; };
		DA6C1B7A16B6CCBA00C0723F /* ARChromeActivity.m */ = {isa = PBXFileReference; fileEncoding = 4; lastKnownFileType = sourcecode.c.objc; path = ARChromeActivity.m; sourceTree = "<group>"; };
		DA6C1B7B16B6CCBA00C0723F /* ARChromeActivity.png */ = {isa = PBXFileReference; lastKnownFileType = image.png; path = ARChromeActivity.png; sourceTree = "<group>"; };
		DA6C1B7C16B6CCBA00C0723F /* ARChromeActivity@2x.png */ = {isa = PBXFileReference; lastKnownFileType = image.png; path = "ARChromeActivity@2x.png"; sourceTree = "<group>"; };
		DA6C1B7D16B6CCBA00C0723F /* ARChromeActivity@2x~ipad.png */ = {isa = PBXFileReference; lastKnownFileType = image.png; path = "ARChromeActivity@2x~ipad.png"; sourceTree = "<group>"; };
		DA6C1B7E16B6CCBA00C0723F /* ARChromeActivity~ipad.png */ = {isa = PBXFileReference; lastKnownFileType = image.png; path = "ARChromeActivity~ipad.png"; sourceTree = "<group>"; };
		DA6C1B8416B6D8DF00C0723F /* BrowserVC.h */ = {isa = PBXFileReference; fileEncoding = 4; lastKnownFileType = sourcecode.c.h; path = BrowserVC.h; sourceTree = "<group>"; };
		DA6C1B8516B6D8DF00C0723F /* BrowserVC.m */ = {isa = PBXFileReference; fileEncoding = 4; lastKnownFileType = sourcecode.c.objc; path = BrowserVC.m; sourceTree = "<group>"; };
/* End PBXFileReference section */

/* Begin PBXFrameworksBuildPhase section */
		DA6C1AEC16B69A3C00C0723F /* Frameworks */ = {
			isa = PBXFrameworksBuildPhase;
			buildActionMask = 2147483647;
			files = (
				DA6C1B7716B6C58000C0723F /* Security.framework in Frameworks */,
				DA6C1B2716B69E2B00C0723F /* MobileCoreServices.framework in Frameworks */,
				DA6C1B2516B69E2100C0723F /* SystemConfiguration.framework in Frameworks */,
				DA6C1AF416B69A3C00C0723F /* UIKit.framework in Frameworks */,
				DA6C1AF616B69A3C00C0723F /* Foundation.framework in Frameworks */,
				DA6C1AF816B69A3C00C0723F /* CoreGraphics.framework in Frameworks */,
				706B41486641416B840B9CBC /* libPods.a in Frameworks */,
			);
			runOnlyForDeploymentPostprocessing = 0;
		};
/* End PBXFrameworksBuildPhase section */

/* Begin PBXGroup section */
		DA6C1AE416B69A3C00C0723F = {
			isa = PBXGroup;
			children = (
				DA6C1AF916B69A3C00C0723F /* TheList */,
				DA6C1AF216B69A3C00C0723F /* Frameworks */,
				DA6C1AF016B69A3C00C0723F /* Products */,
				07A380998B2549B59AA10AA6 /* Pods.xcconfig */,
			);
			sourceTree = "<group>";
		};
		DA6C1AF016B69A3C00C0723F /* Products */ = {
			isa = PBXGroup;
			children = (
				DA6C1AEF16B69A3C00C0723F /* TheList.app */,
			);
			name = Products;
			sourceTree = "<group>";
		};
		DA6C1AF216B69A3C00C0723F /* Frameworks */ = {
			isa = PBXGroup;
			children = (
				DA6C1B7616B6C58000C0723F /* Security.framework */,
				DA6C1B2616B69E2B00C0723F /* MobileCoreServices.framework */,
				DA6C1B2416B69E2100C0723F /* SystemConfiguration.framework */,
				DA6C1AF316B69A3C00C0723F /* UIKit.framework */,
				DA6C1AF516B69A3C00C0723F /* Foundation.framework */,
				DA6C1AF716B69A3C00C0723F /* CoreGraphics.framework */,
				9729630189D948C1A679E826 /* libPods.a */,
			);
			name = Frameworks;
			sourceTree = "<group>";
		};
		DA6C1AF916B69A3C00C0723F /* TheList */ = {
			isa = PBXGroup;
			children = (
				DA6C1B0216B69A3C00C0723F /* AppDelegate.h */,
				DA6C1B0316B69A3C00C0723F /* AppDelegate.m */,
				DA6C1B1716B69CAD00C0723F /* Model */,
				DA6C1B1916B69CB000C0723F /* View */,
				DA6C1B1A16B69CB400C0723F /* Controller */,
				DA6C1B7816B6CCBA00C0723F /* ARChromeActivity */,
				DA6C1B3916B6C32400C0723F /* ZYInstapaperActivity */,
				DA6C1B2C16B6AEA800C0723F /* Resources */,
				DA6C1AFA16B69A3C00C0723F /* Supporting Files */,
			);
			path = TheList;
			sourceTree = "<group>";
		};
		DA6C1AFA16B69A3C00C0723F /* Supporting Files */ = {
			isa = PBXGroup;
			children = (
				DA6C1AFB16B69A3C00C0723F /* TheList-Info.plist */,
				DA6C1AFC16B69A3C00C0723F /* InfoPlist.strings */,
				DA6C1AFF16B69A3C00C0723F /* main.m */,
				DA6C1B0116B69A3C00C0723F /* TheList-Prefix.pch */,
				DA6C1B0516B69A3C00C0723F /* Default.png */,
				DA6C1B0716B69A3C00C0723F /* Default@2x.png */,
				DA6C1B0916B69A3C00C0723F /* Default-568h@2x.png */,
			);
			name = "Supporting Files";
			sourceTree = "<group>";
		};
		DA6C1B1716B69CAD00C0723F /* Model */ = {
			isa = PBXGroup;
			children = (
				DA6C1B1B16B69CCE00C0723F /* Post.h */,
				DA6C1B1C16B69CCE00C0723F /* Post.m */,
			);
			name = Model;
			sourceTree = "<group>";
		};
		DA6C1B1916B69CB000C0723F /* View */ = {
			isa = PBXGroup;
			children = (
				DA6C1B1E16B69CE000C0723F /* PostCell.h */,
				DA6C1B1F16B69CE000C0723F /* PostCell.m */,
			);
			name = View;
			sourceTree = "<group>";
		};
		DA6C1B1A16B69CB400C0723F /* Controller */ = {
			isa = PBXGroup;
			children = (
				DA6C1B2116B69CF900C0723F /* ListTVC.h */,
				DA6C1B2216B69CF900C0723F /* ListTVC.m */,
				DA6C1B8416B6D8DF00C0723F /* BrowserVC.h */,
				DA6C1B8516B6D8DF00C0723F /* BrowserVC.m */,
			);
			name = Controller;
			sourceTree = "<group>";
		};
		DA6C1B2C16B6AEA800C0723F /* Resources */ = {
			isa = PBXGroup;
			children = (
				DA6C1B2D16B6AEBB00C0723F /* ProximaNova-Bold.otf */,
				DA6C1B2E16B6AEBB00C0723F /* ProximaNova-Regular.otf */,
				DA6C1B3316B6AF2100C0723F /* ProximaNova-RegItalic.otf */,
				DA6C1B2F16B6AEBB00C0723F /* ProximaNova-Semibold.otf */,
			);
			name = Resources;
			sourceTree = "<group>";
		};
		DA6C1B3916B6C32400C0723F /* ZYInstapaperActivity */ = {
			isa = PBXGroup;
			children = (
				DA6C1B3A16B6C32400C0723F /* Images */,
				DA6C1B3F16B6C32400C0723F /* Requests */,
				DA6C1B4316B6C32400C0723F /* Security */,
				DA6C1B4616B6C32400C0723F /* ThirdParties */,
				DA6C1B5216B6C32400C0723F /* UserInterface */,
				DA6C1B5F16B6C32400C0723F /* ZYInstapaperActivity.h */,
				DA6C1B6016B6C32400C0723F /* ZYInstapaperActivity.m */,
				DA6C1B6116B6C32400C0723F /* ZYInstapaperActivityItem.h */,
				DA6C1B6216B6C32400C0723F /* ZYInstapaperActivityItem.m */,
			);
			path = ZYInstapaperActivity;
			sourceTree = "<group>";
		};
		DA6C1B3A16B6C32400C0723F /* Images */ = {
			isa = PBXGroup;
			children = (
				DA6C1B3B16B6C32400C0723F /* instapaper-ipad.png */,
				DA6C1B3C16B6C32400C0723F /* instapaper-ipad@2x.png */,
				DA6C1B3D16B6C32400C0723F /* instapaper.png */,
				DA6C1B3E16B6C32400C0723F /* instapaper@2x.png */,
			);
			path = Images;
			sourceTree = "<group>";
		};
		DA6C1B3F16B6C32400C0723F /* Requests */ = {
			isa = PBXGroup;
			children = (
				DA6C1B4016B6C32400C0723F /* ZYInstapaperAddRequest.h */,
				DA6C1B4116B6C32400C0723F /* ZYInstapaperAddRequest.m */,
				DA6C1B4216B6C32400C0723F /* ZYInstapaperAddRequestDelegate.h */,
			);
			path = Requests;
			sourceTree = "<group>";
		};
		DA6C1B4316B6C32400C0723F /* Security */ = {
			isa = PBXGroup;
			children = (
				DA6C1B4416B6C32400C0723F /* ZYInstapaperActivitySecurity.h */,
				DA6C1B4516B6C32400C0723F /* ZYInstapaperActivitySecurity.m */,
			);
			path = Security;
			sourceTree = "<group>";
		};
		DA6C1B4616B6C32400C0723F /* ThirdParties */ = {
			isa = PBXGroup;
			children = (
				DA6C1B4716B6C32400C0723F /* Apple */,
				DA6C1B4B16B6C32400C0723F /* Zerously */,
			);
			path = ThirdParties;
			sourceTree = "<group>";
		};
		DA6C1B4716B6C32400C0723F /* Apple */ = {
			isa = PBXGroup;
			children = (
				DA6C1B4816B6C32400C0723F /* KeychainItemWrapper */,
			);
			path = Apple;
			sourceTree = "<group>";
		};
		DA6C1B4816B6C32400C0723F /* KeychainItemWrapper */ = {
			isa = PBXGroup;
			children = (
				DA6C1B4916B6C32400C0723F /* KeychainItemWrapper.h */,
				DA6C1B4A16B6C32400C0723F /* KeychainItemWrapper.m */,
			);
			path = KeychainItemWrapper;
			sourceTree = "<group>";
		};
		DA6C1B4B16B6C32400C0723F /* Zerously */ = {
			isa = PBXGroup;
			children = (
				DA6C1B4C16B6C32400C0723F /* ZYActivity */,
				DA6C1B4F16B6C32400C0723F /* ZYTopAlignedLabel */,
			);
			path = Zerously;
			sourceTree = "<group>";
		};
		DA6C1B4C16B6C32400C0723F /* ZYActivity */ = {
			isa = PBXGroup;
			children = (
				DA6C1B4D16B6C32400C0723F /* ZYActivity.h */,
				DA6C1B4E16B6C32400C0723F /* ZYActivity.m */,
			);
			path = ZYActivity;
			sourceTree = "<group>";
		};
		DA6C1B4F16B6C32400C0723F /* ZYTopAlignedLabel */ = {
			isa = PBXGroup;
			children = (
				DA6C1B5016B6C32400C0723F /* ZYTopAlignedLabel.h */,
				DA6C1B5116B6C32400C0723F /* ZYTopAlignedLabel.m */,
			);
			path = ZYTopAlignedLabel;
			sourceTree = "<group>";
		};
		DA6C1B5216B6C32400C0723F /* UserInterface */ = {
			isa = PBXGroup;
			children = (
				DA6C1B5316B6C32400C0723F /* ZYActivityViewController.h */,
				DA6C1B5416B6C32400C0723F /* ZYActivityViewController.m */,
				DA6C1B5516B6C32400C0723F /* ZYAddItemsViewController.h */,
				DA6C1B5616B6C32400C0723F /* ZYAddItemsViewController.m */,
				DA6C1B5716B6C32400C0723F /* ZYAddItemsViewController.xib */,
				DA6C1B5816B6C32400C0723F /* ZYAddItemViewController-iPad.xib */,
				DA6C1B5916B6C32400C0723F /* ZYAddItemViewController.h */,
				DA6C1B5A16B6C32400C0723F /* ZYAddItemViewController.m */,
				DA6C1B5B16B6C32400C0723F /* ZYAddItemViewController.xib */,
				DA6C1B5C16B6C32400C0723F /* ZYCredentialsViewController.h */,
				DA6C1B5D16B6C32400C0723F /* ZYCredentialsViewController.m */,
				DA6C1B5E16B6C32400C0723F /* ZYCredentialsViewController.xib */,
			);
			path = UserInterface;
			sourceTree = "<group>";
		};
		DA6C1B7816B6CCBA00C0723F /* ARChromeActivity */ = {
			isa = PBXGroup;
			children = (
				DA6C1B7916B6CCBA00C0723F /* ARChromeActivity.h */,
				DA6C1B7A16B6CCBA00C0723F /* ARChromeActivity.m */,
				DA6C1B7B16B6CCBA00C0723F /* ARChromeActivity.png */,
				DA6C1B7C16B6CCBA00C0723F /* ARChromeActivity@2x.png */,
				DA6C1B7D16B6CCBA00C0723F /* ARChromeActivity@2x~ipad.png */,
				DA6C1B7E16B6CCBA00C0723F /* ARChromeActivity~ipad.png */,
			);
			name = ARChromeActivity;
			path = ZYInstapaperActivity/ARChromeActivity;
			sourceTree = "<group>";
		};
/* End PBXGroup section */

/* Begin PBXNativeTarget section */
		DA6C1AEE16B69A3C00C0723F /* TheList */ = {
			isa = PBXNativeTarget;
			buildConfigurationList = DA6C1B0D16B69A3C00C0723F /* Build configuration list for PBXNativeTarget "TheList" */;
			buildPhases = (
				DA6C1AEB16B69A3C00C0723F /* Sources */,
				DA6C1AEC16B69A3C00C0723F /* Frameworks */,
				DA6C1AED16B69A3C00C0723F /* Resources */,
				15BD7294B41740D4AE9BB504 /* Copy Pods Resources */,
			);
			buildRules = (
			);
			dependencies = (
			);
			name = TheList;
			productName = TheList;
			productReference = DA6C1AEF16B69A3C00C0723F /* TheList.app */;
			productType = "com.apple.product-type.application";
		};
/* End PBXNativeTarget section */

/* Begin PBXProject section */
		DA6C1AE616B69A3C00C0723F /* Project object */ = {
			isa = PBXProject;
			attributes = {
				LastUpgradeCheck = 0450;
				ORGANIZATIONNAME = "Jorge Izquierdo";
			};
			buildConfigurationList = DA6C1AE916B69A3C00C0723F /* Build configuration list for PBXProject "TheList" */;
			compatibilityVersion = "Xcode 3.2";
			developmentRegion = English;
			hasScannedForEncodings = 0;
			knownRegions = (
				en,
			);
			mainGroup = DA6C1AE416B69A3C00C0723F;
			productRefGroup = DA6C1AF016B69A3C00C0723F /* Products */;
			projectDirPath = "";
			projectRoot = "";
			targets = (
				DA6C1AEE16B69A3C00C0723F /* TheList */,
			);
		};
/* End PBXProject section */

/* Begin PBXResourcesBuildPhase section */
		DA6C1AED16B69A3C00C0723F /* Resources */ = {
			isa = PBXResourcesBuildPhase;
			buildActionMask = 2147483647;
			files = (
				DA6C1AFE16B69A3C00C0723F /* InfoPlist.strings in Resources */,
				DA6C1B0616B69A3C00C0723F /* Default.png in Resources */,
				DA6C1B0816B69A3C00C0723F /* Default@2x.png in Resources */,
				DA6C1B0A16B69A3C00C0723F /* Default-568h@2x.png in Resources */,
				DA6C1B3016B6AEBB00C0723F /* ProximaNova-Bold.otf in Resources */,
				DA6C1B3116B6AEBB00C0723F /* ProximaNova-Regular.otf in Resources */,
				DA6C1B3216B6AEBB00C0723F /* ProximaNova-Semibold.otf in Resources */,
				DA6C1B3416B6AF2100C0723F /* ProximaNova-RegItalic.otf in Resources */,
				DA6C1B6316B6C32400C0723F /* instapaper-ipad.png in Resources */,
				DA6C1B6416B6C32400C0723F /* instapaper-ipad@2x.png in Resources */,
				DA6C1B6516B6C32400C0723F /* instapaper.png in Resources */,
				DA6C1B6616B6C32400C0723F /* instapaper@2x.png in Resources */,
				DA6C1B6E16B6C32400C0723F /* ZYAddItemsViewController.xib in Resources */,
				DA6C1B6F16B6C32400C0723F /* ZYAddItemViewController-iPad.xib in Resources */,
				DA6C1B7116B6C32400C0723F /* ZYAddItemViewController.xib in Resources */,
				DA6C1B7316B6C32400C0723F /* ZYCredentialsViewController.xib in Resources */,
				DA6C1B8016B6CCBA00C0723F /* ARChromeActivity.png in Resources */,
				DA6C1B8116B6CCBA00C0723F /* ARChromeActivity@2x.png in Resources */,
				DA6C1B8216B6CCBA00C0723F /* ARChromeActivity@2x~ipad.png in Resources */,
				DA6C1B8316B6CCBA00C0723F /* ARChromeActivity~ipad.png in Resources */,
			);
			runOnlyForDeploymentPostprocessing = 0;
		};
/* End PBXResourcesBuildPhase section */

/* Begin PBXShellScriptBuildPhase section */
		15BD7294B41740D4AE9BB504 /* Copy Pods Resources */ = {
			isa = PBXShellScriptBuildPhase;
			buildActionMask = 2147483647;
			files = (
			);
			inputPaths = (
			);
			name = "Copy Pods Resources";
			outputPaths = (
			);
			runOnlyForDeploymentPostprocessing = 0;
			shellPath = /bin/sh;
			shellScript = "\"${SRCROOT}/Pods/Pods-resources.sh\"\n";
		};
/* End PBXShellScriptBuildPhase section */

/* Begin PBXSourcesBuildPhase section */
		DA6C1AEB16B69A3C00C0723F /* Sources */ = {
			isa = PBXSourcesBuildPhase;
			buildActionMask = 2147483647;
			files = (
				DA6C1B0016B69A3C00C0723F /* main.m in Sources */,
				DA6C1B0416B69A3C00C0723F /* AppDelegate.m in Sources */,
				DA6C1B1D16B69CCE00C0723F /* Post.m in Sources */,
				DA6C1B2016B69CE000C0723F /* PostCell.m in Sources */,
				DA6C1B2316B69CF900C0723F /* ListTVC.m in Sources */,
				DA6C1B6716B6C32400C0723F /* ZYInstapaperAddRequest.m in Sources */,
				DA6C1B6816B6C32400C0723F /* ZYInstapaperActivitySecurity.m in Sources */,
				DA6C1B6916B6C32400C0723F /* KeychainItemWrapper.m in Sources */,
				DA6C1B6A16B6C32400C0723F /* ZYActivity.m in Sources */,
				DA6C1B6B16B6C32400C0723F /* ZYTopAlignedLabel.m in Sources */,
				DA6C1B6C16B6C32400C0723F /* ZYActivityViewController.m in Sources */,
				DA6C1B6D16B6C32400C0723F /* ZYAddItemsViewController.m in Sources */,
				DA6C1B7016B6C32400C0723F /* ZYAddItemViewController.m in Sources */,
				DA6C1B7216B6C32400C0723F /* ZYCredentialsViewController.m in Sources */,
				DA6C1B7416B6C32400C0723F /* ZYInstapaperActivity.m in Sources */,
				DA6C1B7516B6C32400C0723F /* ZYInstapaperActivityItem.m in Sources */,
				DA6C1B7F16B6CCBA00C0723F /* ARChromeActivity.m in Sources */,
				DA6C1B8616B6D8DF00C0723F /* BrowserVC.m in Sources */,
			);
			runOnlyForDeploymentPostprocessing = 0;
		};
/* End PBXSourcesBuildPhase section */

/* Begin PBXVariantGroup section */
		DA6C1AFC16B69A3C00C0723F /* InfoPlist.strings */ = {
			isa = PBXVariantGroup;
			children = (
				DA6C1AFD16B69A3C00C0723F /* en */,
			);
			name = InfoPlist.strings;
			sourceTree = "<group>";
		};
/* End PBXVariantGroup section */

/* Begin XCBuildConfiguration section */
		DA6C1B0B16B69A3C00C0723F /* Debug */ = {
			isa = XCBuildConfiguration;
			buildSettings = {
				ALWAYS_SEARCH_USER_PATHS = NO;
				CLANG_CXX_LANGUAGE_STANDARD = "gnu++0x";
				CLANG_CXX_LIBRARY = "libc++";
				CLANG_WARN_EMPTY_BODY = YES;
				CLANG_WARN__DUPLICATE_METHOD_MATCH = YES;
				"CODE_SIGN_IDENTITY[sdk=iphoneos*]" = "iPhone Developer";
				COPY_PHASE_STRIP = NO;
				GCC_C_LANGUAGE_STANDARD = gnu99;
				GCC_DYNAMIC_NO_PIC = NO;
				GCC_OPTIMIZATION_LEVEL = 0;
				GCC_PREPROCESSOR_DEFINITIONS = (
					"DEBUG=1",
					"$(inherited)",
				);
				GCC_SYMBOLS_PRIVATE_EXTERN = NO;
				GCC_WARN_ABOUT_RETURN_TYPE = YES;
				GCC_WARN_UNINITIALIZED_AUTOS = YES;
				GCC_WARN_UNUSED_VARIABLE = YES;
				IPHONEOS_DEPLOYMENT_TARGET = 6.0;
				SDKROOT = iphoneos;
			};
			name = Debug;
		};
		DA6C1B0C16B69A3C00C0723F /* Release */ = {
			isa = XCBuildConfiguration;
			buildSettings = {
				ALWAYS_SEARCH_USER_PATHS = NO;
				CLANG_CXX_LANGUAGE_STANDARD = "gnu++0x";
				CLANG_CXX_LIBRARY = "libc++";
				CLANG_WARN_EMPTY_BODY = YES;
				CLANG_WARN__DUPLICATE_METHOD_MATCH = YES;
				"CODE_SIGN_IDENTITY[sdk=iphoneos*]" = "iPhone Developer";
				COPY_PHASE_STRIP = YES;
				GCC_C_LANGUAGE_STANDARD = gnu99;
				GCC_WARN_ABOUT_RETURN_TYPE = YES;
				GCC_WARN_UNINITIALIZED_AUTOS = YES;
				GCC_WARN_UNUSED_VARIABLE = YES;
				IPHONEOS_DEPLOYMENT_TARGET = 6.0;
				OTHER_CFLAGS = "-DNS_BLOCK_ASSERTIONS=1";
				SDKROOT = iphoneos;
				VALIDATE_PRODUCT = YES;
			};
			name = Release;
		};
		DA6C1B0E16B69A3C00C0723F /* Debug */ = {
			isa = XCBuildConfiguration;
			baseConfigurationReference = 07A380998B2549B59AA10AA6 /* Pods.xcconfig */;
			buildSettings = {
				CLANG_ENABLE_OBJC_ARC = YES;
				GCC_PRECOMPILE_PREFIX_HEADER = YES;
				GCC_PREFIX_HEADER = "TheList/TheList-Prefix.pch";
				INFOPLIST_FILE = "TheList/TheList-Info.plist";
				PRODUCT_NAME = "$(TARGET_NAME)";
				WRAPPER_EXTENSION = app;
			};
			name = Debug;
		};
		DA6C1B0F16B69A3C00C0723F /* Release */ = {
			isa = XCBuildConfiguration;
			baseConfigurationReference = 07A380998B2549B59AA10AA6 /* Pods.xcconfig */;
			buildSettings = {
				CLANG_ENABLE_OBJC_ARC = YES;
				GCC_PRECOMPILE_PREFIX_HEADER = YES;
				GCC_PREFIX_HEADER = "TheList/TheList-Prefix.pch";
				INFOPLIST_FILE = "TheList/TheList-Info.plist";
				PRODUCT_NAME = "$(TARGET_NAME)";
				WRAPPER_EXTENSION = app;
			};
			name = Release;
		};
/* End XCBuildConfiguration section */

/* Begin XCConfigurationList section */
		DA6C1AE916B69A3C00C0723F /* Build configuration list for PBXProject "TheList" */ = {
			isa = XCConfigurationList;
			buildConfigurations = (
				DA6C1B0B16B69A3C00C0723F /* Debug */,
				DA6C1B0C16B69A3C00C0723F /* Release */,
			);
			defaultConfigurationIsVisible = 0;
			defaultConfigurationName = Release;
		};
		DA6C1B0D16B69A3C00C0723F /* Build configuration list for PBXNativeTarget "TheList" */ = {
			isa = XCConfigurationList;
			buildConfigurations = (
				DA6C1B0E16B69A3C00C0723F /* Debug */,
				DA6C1B0F16B69A3C00C0723F /* Release */,
			);
			defaultConfigurationIsVisible = 0;
			defaultConfigurationName = Release;
		};
/* End XCConfigurationList section */
	};
	rootObject = DA6C1AE616B69A3C00C0723F /* Project object */;
}
